<?xml version="1.0" encoding="utf-8"?>
<Project ToolsVersion="4.0" xmlns="http://schemas.microsoft.com/developer/msbuild/2003">
  <ItemGroup>
    <Filter Include="Source Files">
      <UniqueIdentifier>{4FC737F1-C7A5-4376-A066-2A32D752A2FF}</UniqueIdentifier>
      <Extensions>cpp;c;cc;cxx;def;odl;idl;hpj;bat;asm;asmx</Extensions>
    </Filter>
    <Filter Include="Header Files">
      <UniqueIdentifier>{93995380-89BD-4b04-88EB-625FBE52EBFB}</UniqueIdentifier>
      <Extensions>h;hpp;hxx;hm;inl;inc;xsd</Extensions>
    </Filter>
    <Filter Include="Resource Files">
      <UniqueIdentifier>{67DA6AB6-F800-4c08-8B7A-83BB121AAD01}</UniqueIdentifier>
      <Extensions>rc;ico;cur;bmp;dlg;rc2;rct;bin;rgs;gif;jpg;jpeg;jpe;resx;tiff;tif;png;wav;mfcribbon-ms</Extensions>
    </Filter>
    <Filter Include="Source Files\UI">
      <UniqueIdentifier>{aac49b21-1b9a-4a2f-8b42-8b8d1bbb4748}</UniqueIdentifier>
    </Filter>
    <Filter Include="Source Files\Utils">
      <UniqueIdentifier>{5b0b5bea-2236-4cde-acc6-f306e26d7950}</UniqueIdentifier>
    </Filter>
    <Filter Include="Source Files\Model">
      <UniqueIdentifier>{76a2ec62-cd77-4b0c-8a06-ca1be2c95fee}</UniqueIdentifier>
    </Filter>
    <Filter Include="Source Files\BLL">
      <UniqueIdentifier>{075b0355-fa32-4cd8-ae81-c9db0004e2f9}</UniqueIdentifier>
    </Filter>
    <Filter Include="Source Files\Model\schematic">
      <UniqueIdentifier>{109ca92f-3b39-4eae-a7a6-2c071a99dd44}</UniqueIdentifier>
    </Filter>
  </ItemGroup>
  <ItemGroup>
    <ClInclude Include="src\CircuitFinderFrame.h">
      <Filter>Header Files</Filter>
    </ClInclude>
    <ClInclude Include="src\systemimagelist.h">
      <Filter>Header Files</Filter>
    </ClInclude>
    <ClInclude Include="src\CfDefines.h">
      <Filter>Header Files</Filter>
    </ClInclude>
    <ClInclude Include="src\prefs.h">
      <Filter>Header Files</Filter>
    </ClInclude>
    <ClInclude Include="src\defsext.h">
      <Filter>Header Files</Filter>
    </ClInclude>
    <ClInclude Include="src\CfWx.h">
      <Filter>Header Files</Filter>
    </ClInclude>
    <ClInclude Include="src\Port.h">
      <Filter>Header Files</Filter>
    </ClInclude>
    <ClInclude Include="src\Wire.h">
      <Filter>Header Files</Filter>
    </ClInclude>
    <ClInclude Include="src\Shape.h">
      <Filter>Header Files</Filter>
    </ClInclude>
    <ClInclude Include="src\IDrawable.h">
      <Filter>Header Files</Filter>
    </ClInclude>
    <ClInclude Include="src\IProperty.h">
      <Filter>Header Files</Filter>
    </ClInclude>
    <ClInclude Include="src\Notification.h">
      <Filter>Header Files</Filter>
    </ClInclude>
    <ClInclude Include="src\PropertyGridCtrl.h">
      <Filter>Header Files</Filter>
    </ClInclude>
    <ClInclude Include="src\FileNoteBookCtrl.h">
      <Filter>Header Files</Filter>
    </ClInclude>
    <ClInclude Include="src\DrawingElement.h">
      <Filter>Header Files</Filter>
    </ClInclude>
    <ClInclude Include="src\DrawingElementFactory.h">
      <Filter>Header Files</Filter>
    </ClInclude>
    <ClInclude Include="src\StringUtil.h">
      <Filter>Header Files</Filter>
    </ClInclude>
    <ClInclude Include="src\EnvironmentUtil.h">
      <Filter>Header Files</Filter>
    </ClInclude>
    <ClInclude Include="src\ImageEditorCtrl.h">
      <Filter>Header Files</Filter>
    </ClInclude>
    <ClInclude Include="src\FileReaderManager.h">
      <Filter>Header Files</Filter>
    </ClInclude>
    <ClInclude Include="src\FileUtil.h">
      <Filter>Header Files</Filter>
    </ClInclude>
    <ClInclude Include="src\LogMessageCtrl.h">
      <Filter>Header Files</Filter>
    </ClInclude>
    <ClInclude Include="src\Project.h">
      <Filter>Header Files</Filter>
    </ClInclude>
    <ClInclude Include="src\ResourceUtil.h">
      <Filter>Header Files</Filter>
    </ClInclude>
    <ClInclude Include="src\TextEditorCtrl.h">
      <Filter>Header Files</Filter>
    </ClInclude>
    <ClInclude Include="src\Workspace.h">
      <Filter>Header Files</Filter>
    </ClInclude>
    <ClInclude Include="src\WorkspaceExplorerCtrl.h">
      <Filter>Header Files</Filter>
    </ClInclude>
    <ClInclude Include="src\CfDialogBaseCtrl.h">
      <Filter>Header Files</Filter>
    </ClInclude>
    <ClInclude Include="src\CfUtils.h">
      <Filter>Header Files</Filter>
    </ClInclude>
    <ClInclude Include="src\ParseUtil.h">
      <Filter>Header Files</Filter>
    </ClInclude>
    <ClInclude Include="src\CfAboutDialogCtrl.h">
      <Filter>Header Files</Filter>
    </ClInclude>
    <ClInclude Include="src\LoadProjectEventListener.h">
      <Filter>Header Files</Filter>
    </ClInclude>
    <ClInclude Include="src\ChipSchematicEditorCtrl.h">
      <Filter>Header Files</Filter>
    </ClInclude>
    <ClInclude Include="src\Image.h">
      <Filter>Header Files</Filter>
    </ClInclude>
    <ClInclude Include="src\Symbol.h">
      <Filter>Header Files</Filter>
    </ClInclude>
    <ClInclude Include="src\Panel.h">
      <Filter>Header Files</Filter>
    </ClInclude>
    <ClInclude Include="src\FileEditorBase.h">
      <Filter>Header Files</Filter>
    </ClInclude>
    <ClInclude Include="src\SaveSymbolFileDialogCtrl.h">
      <Filter>Header Files</Filter>
    </ClInclude>
    <ClInclude Include="src\IAction.h">
      <Filter>Header Files</Filter>
    </ClInclude>
    <ClInclude Include="src\History.h">
      <Filter>Header Files</Filter>
    </ClInclude>
    <ClInclude Include="src\Layer.h">
      <Filter>Header Files</Filter>
    </ClInclude>
    <ClInclude Include="src\LayerViewCtrl.h">
      <Filter>Header Files</Filter>
    </ClInclude>
    <ClInclude Include="src\NewProjectDialogCtrl.h">
      <Filter>Header Files</Filter>
    </ClInclude>
    <ClInclude Include="src\NewFileDialogCtrl.h">
      <Filter>Header Files</Filter>
    </ClInclude>
    <ClInclude Include="src\ProjectTypeManager.h">
      <Filter>Header Files</Filter>
    </ClInclude>
    <ClInclude Include="src\FileTypeManager.h">
      <Filter>Header Files</Filter>
    </ClInclude>
    <ClInclude Include="src\CfSettingDialogCtrl.h">
      <Filter>Header Files</Filter>
    </ClInclude>
    <ClInclude Include="src\LayerListViewCtrl.h">
      <Filter>Header Files</Filter>
    </ClInclude>
    <ClInclude Include="src\SolidColorBackground.h">
      <Filter>Header Files</Filter>
    </ClInclude>
    <ClInclude Include="src\NewFileInitializer.h">
      <Filter>Header Files</Filter>
    </ClInclude>
    <ClInclude Include="src\Instance.h">
      <Filter>Header Files</Filter>
    </ClInclude>
    <ClInclude Include="src\ChipSymbolEditorCtrl.h">
      <Filter>Header Files</Filter>
    </ClInclude>
    <ClInclude Include="src\IElement.h">
      <Filter>Header Files</Filter>
    </ClInclude>
    <ClInclude Include="src\DrawingElementGroup.h">
      <Filter>Header Files</Filter>
    </ClInclude>
    <ClInclude Include="src\CfParameterDialogCtrl.h">
      <Filter>Header Files</Filter>
    </ClInclude>
    <ClInclude Include="src\ChipEditorBaseCtrl.h">
      <Filter>Header Files</Filter>
    </ClInclude>
    <ClInclude Include="src\HighlightElementList.h">
      <Filter>Header Files</Filter>
    </ClInclude>
    <ClInclude Include="src\Parameter.h">
      <Filter>Header Files</Filter>
    </ClInclude>
    <ClInclude Include="src\Grid.h">
      <Filter>Header Files</Filter>
    </ClInclude>
  </ItemGroup>
  <ItemGroup>
    <ClCompile Include="src\CircuitFinderFrame.cpp">
      <Filter>Source Files</Filter>
    </ClCompile>
    <ClCompile Include="src\systemimagelist.cpp">
      <Filter>Source Files\Utils</Filter>
    </ClCompile>
    <ClCompile Include="src\prefs.cpp">
      <Filter>Source Files\UI</Filter>
    </ClCompile>
    <ClCompile Include="src\Notification.cpp">
      <Filter>Source Files\Model</Filter>
    </ClCompile>
    <ClCompile Include="src\PropertyGridCtrl.cpp">
      <Filter>Source Files\UI</Filter>
    </ClCompile>
    <ClCompile Include="src\FileNotebookCtrl.cpp">
      <Filter>Source Files\UI</Filter>
    </ClCompile>
    <ClCompile Include="src\DrawingElementFactory.cpp">
      <Filter>Source Files\BLL</Filter>
    </ClCompile>
    <ClCompile Include="src\StringUtil.cpp">
      <Filter>Source Files\Utils</Filter>
    </ClCompile>
    <ClCompile Include="src\EnvironmentUtil.cpp">
      <Filter>Source Files\Utils</Filter>
    </ClCompile>
    <ClCompile Include="src\ImageEditorCtrl.cpp">
      <Filter>Source Files\UI</Filter>
    </ClCompile>
    <ClCompile Include="src\LogMessageCtrl.cpp">
      <Filter>Source Files\UI</Filter>
    </ClCompile>
    <ClCompile Include="src\TextEditorCtrl.cpp">
      <Filter>Source Files\UI</Filter>
    </ClCompile>
    <ClCompile Include="src\WorkspaceExplorerCtrl.cpp">
      <Filter>Source Files\UI</Filter>
    </ClCompile>
    <ClCompile Include="src\FileUtil.cpp">
      <Filter>Source Files\Utils</Filter>
    </ClCompile>
    <ClCompile Include="src\ResourceUtil.cpp">
      <Filter>Source Files\Utils</Filter>
    </ClCompile>
    <ClCompile Include="src\Project.cpp">
      <Filter>Source Files\Model</Filter>
    </ClCompile>
    <ClCompile Include="src\Workspace.cpp">
      <Filter>Source Files\Model</Filter>
    </ClCompile>
    <ClCompile Include="src\CfDialogBaseCtrl.cpp">
      <Filter>Source Files\UI</Filter>
    </ClCompile>
    <ClCompile Include="src\CfUtils.cpp">
      <Filter>Source Files\Utils</Filter>
    </ClCompile>
    <ClCompile Include="src\ParseUtil.cpp">
      <Filter>Source Files\Utils</Filter>
    </ClCompile>
    <ClCompile Include="src\CfAboutDialogCtrl.cpp">
      <Filter>Source Files\UI</Filter>
    </ClCompile>
    <ClCompile Include="src\ChipSchematicEditorCtrl.cpp">
      <Filter>Source Files\UI</Filter>
    </ClCompile>
    <ClCompile Include="src\IProperty.cpp">
      <Filter>Source Files\Model\schematic</Filter>
    </ClCompile>
    <ClCompile Include="src\Port.cpp">
      <Filter>Source Files\Model\schematic</Filter>
    </ClCompile>
    <ClCompile Include="src\Shape.cpp">
      <Filter>Source Files\Model\schematic</Filter>
    </ClCompile>
    <ClCompile Include="src\Wire.cpp">
      <Filter>Source Files\Model\schematic</Filter>
    </ClCompile>
    <ClCompile Include="src\DrawingElement.cpp">
      <Filter>Source Files\Model\schematic</Filter>
    </ClCompile>
    <ClCompile Include="src\Image.cpp">
      <Filter>Source Files\Model\schematic</Filter>
    </ClCompile>
    <ClCompile Include="src\Panel.cpp">
      <Filter>Source Files\Model\schematic</Filter>
    </ClCompile>
    <ClCompile Include="src\FileEditorBase.cpp">
      <Filter>Source Files\Model</Filter>
    </ClCompile>
    <ClCompile Include="src\ProjectTypeManager.cpp">
      <Filter>Source Files\Model</Filter>
    </ClCompile>
    <ClCompile Include="src\FileReaderManager.cpp">
      <Filter>Source Files\BLL</Filter>
    </ClCompile>
    <ClCompile Include="src\SaveSymbolFileDialogCtrl.cpp">
      <Filter>Source Files\UI</Filter>
    </ClCompile>
    <ClCompile Include="src\IAction.cpp">
      <Filter>Source Files\Model</Filter>
    </ClCompile>
    <ClCompile Include="src\History.cpp">
      <Filter>Source Files\Model</Filter>
    </ClCompile>
    <ClCompile Include="src\Layer.cpp">
      <Filter>Source Files\Model\schematic</Filter>
    </ClCompile>
    <ClCompile Include="src\LayerViewCtrl.cpp">
      <Filter>Source Files\UI</Filter>
    </ClCompile>
    <ClCompile Include="src\NewProjectDialogCtrl.cpp">
      <Filter>Source Files\UI</Filter>
    </ClCompile>
    <ClCompile Include="src\NewFileDialogCtrl.cpp">
      <Filter>Source Files\Utils</Filter>
    </ClCompile>
    <ClCompile Include="src\FileTypeManager.cpp">
      <Filter>Source Files\Model</Filter>
    </ClCompile>
    <ClCompile Include="src\CfSettingDialogCtrl.cpp">
      <Filter>Source Files\UI</Filter>
    </ClCompile>
    <ClCompile Include="src\Symbol.cpp">
      <Filter>Source Files\Model\schematic</Filter>
    </ClCompile>
    <ClCompile Include="src\LayerListViewCtrl.cpp">
      <Filter>Source Files\UI</Filter>
    </ClCompile>
    <ClCompile Include="src\SolidColorBackground.cpp">
      <Filter>Source Files\Model\schematic</Filter>
    </ClCompile>
    <ClCompile Include="src\NewFileInitializer.cpp">
      <Filter>Source Files\BLL</Filter>
    </ClCompile>
    <ClCompile Include="src\Instance.cpp">
      <Filter>Source Files\Model\schematic</Filter>
    </ClCompile>
    <ClCompile Include="src\ChipSymbolEditorCtrl.cpp">
      <Filter>Source Files\UI</Filter>
    </ClCompile>
    <ClCompile Include="src\DrawingElementGroup.cpp">
      <Filter>Source Files\Model\schematic</Filter>
    </ClCompile>
    <ClCompile Include="src\CfParameterDialogCtrl.cpp">
      <Filter>Source Files\UI</Filter>
    </ClCompile>
    <ClCompile Include="src\ChipEditorBaseCtrl.cpp">
      <Filter>Source Files\UI</Filter>
    </ClCompile>
    <ClCompile Include="src\HighlightElementList.cpp">
      <Filter>Source Files\Model</Filter>
    </ClCompile>
    <ClCompile Include="src\Parameter.cpp">
      <Filter>Source Files\Model\schematic</Filter>
    </ClCompile>
    <ClCompile Include="src\Grid.cpp">
      <Filter>Source Files\Model\schematic</Filter>
    </ClCompile>
  </ItemGroup>
</Project>